
Microsoft Visual Studio Solution File, Format Version 12.00
# Visual Studio 15
VisualStudioVersion = 15.0.28010.2046
MinimumVisualStudioVersion = 10.0.40219.1
Project("{FAE04EC0-301F-11D3-BF4B-00C04F79EFBC}") = "NyTimesDisplay", "NyTimesDisplay\NyTimesDisplay.csproj", "{D7583896-4A92-4570-A79B-B6A8C438727F}"
EndProject
Global
	GlobalSection(SolutionConfigurationPlatforms) = preSolution
		Debug|ARM = Debug|ARM
		Debug|x64 = Debug|x64
		Debug|x86 = Debug|x86
		Release|ARM = Release|ARM
		Release|x64 = Release|x64
		Release|x86 = Release|x86
	EndGlobalSection
	GlobalSection(ProjectConfigurationPlatforms) = postSolution
		{D7583896-4A92-4570-A79B-B6A8C438727F}.Debug|ARM.ActiveCfg = Debug|ARM
		{D7583896-4A92-4570-A79B-B6A8C438727F}.Debug|ARM.Build.0 = Debug|ARM
		{D7583896-4A92-4570-A79B-B6A8C438727F}.Debug|ARM.Deploy.0 = Debug|ARM
		{D7583896-4A92-4570-A79B-B6A8C438727F}.Debug|x64.ActiveCfg = Debug|x64
		{D7583896-4A92-4570-A79B-B6A8C438727F}.Debug|x64.Build.0 = Debug|x64
		{D7583896-4A92-4570-A79B-B6A8C438727F}.Debug|x64.Deploy.0 = Debug|x64
		{D7583896-4A92-4570-A79B-B6A8C438727F}.Debug|x86.ActiveCfg = Debug|x86
		{D7583896-4A92-4570-A79B-B6A8C438727F}.Debug|x86.Build.0 = Debug|x86
		{D7583896-4A92-4570-A79B-B6A8C438727F}.Debug|x86.Deploy.0 = Debug|x86
		{D7583896-4A92-4570-A79B-B6A8C438727F}.Release|ARM.ActiveCfg = Release|ARM
		{D7583896-4A92-4570-A79B-B6A8C438727F}.Release|ARM.Build.0 = Release|ARM
		{D7583896-4A92-4570-A79B-B6A8C438727F}.Release|ARM.Deploy.0 = Release|ARM
		{D7583896-4A92-4570-A79B-B6A8C438727F}.Release|x64.ActiveCfg = Release|x64
		{D7583896-4A92-4570-A79B-B6A8C438727F}.Release|x64.Build.0 = Release|x64
		{D7583896-4A92-4570-A79B-B6A8C438727F}.Release|x64.Deploy.0 = Release|x64
		{D7583896-4A92-4570-A79B-B6A8C438727F}.Release|x86.ActiveCfg = Release|x86
		{D7583896-4A92-4570-A79B-B6A8C438727F}.Release|x86.Build.0 = Release|x86
		{D7583896-4A92-4570-A79B-B6A8C438727F}.Release|x86.Deploy.0 = Release|x86
	EndGlobalSection
	GlobalSection(SolutionProperties) = preSolution
		HideSolutionNode = FALSE
	EndGlobalSection
	GlobalSection(ExtensibilityGlobals) = postSolution
		SolutionGuid = {3A2B5071-1B01-4737-8AFC-F0B7895A127B}
	EndGlobalSection
EndGlobal
